
Microsoft Visual Studio Solution File, Format Version 12.00
# Visual Studio Version 17
VisualStudioVersion = 17.4.33213.308
MinimumVisualStudioVersion = 10.0.40219.1
Project("{FAE04EC0-301F-11D3-BF4B-00C04F79EFBC}") = "SpecFlowProject1", "SpecFlowProject1\SpecFlowProject1.csproj", "{A9CCED69-5670-4A5D-8A16-9DEAB69E8900}"
EndProject
Global
	GlobalSection(SolutionConfigurationPlatforms) = preSolution
		Debug|Any CPU = Debug|Any CPU
		Release|Any CPU = Release|Any CPU
	EndGlobalSection
	GlobalSection(ProjectConfigurationPlatforms) = postSolution
		{A9CCED69-5670-4A5D-8A16-9DEAB69E8900}.Debug|Any CPU.ActiveCfg = Debug|Any CPU
		{A9CCED69-5670-4A5D-8A16-9DEAB69E8900}.Debug|Any CPU.Build.0 = Debug|Any CPU
		{A9CCED69-5670-4A5D-8A16-9DEAB69E8900}.Release|Any CPU.ActiveCfg = Release|Any CPU
		{A9CCED69-5670-4A5D-8A16-9DEAB69E8900}.Release|Any CPU.Build.0 = Release|Any CPU
	EndGlobalSection
	GlobalSection(SolutionProperties) = preSolution
		HideSolutionNode = FALSE
	EndGlobalSection
	GlobalSection(ExtensibilityGlobals) = postSolution
		SolutionGuid = {A068F98D-EED1-401A-9447-EFC03F2ED19D}
	EndGlobalSection
EndGlobal
